// !$*UTF8*$!
{
	archiveVersion = 1;
	classes = {
	};
	objectVersion = 50;
	objects = {

/* Begin PBXBuildFile section */
		8D283D5926FD237900CB10D0 /* AccountsListController.swift in Sources */ = {isa = PBXBuildFile; fileRef = 8D283D5826FD237900CB10D0 /* AccountsListController.swift */; };
		8D283D5E26FD243500CB10D0 /* Account.swift in Sources */ = {isa = PBXBuildFile; fileRef = 8D283D5D26FD243500CB10D0 /* Account.swift */; };
		8D283D6026FD2C3400CB10D0 /* Observable.swift in Sources */ = {isa = PBXBuildFile; fileRef = 8D283D5F26FD2C3400CB10D0 /* Observable.swift */; };
		8D283D6226FD30D700CB10D0 /* AccountsManager.swift in Sources */ = {isa = PBXBuildFile; fileRef = 8D283D6126FD30D700CB10D0 /* AccountsManager.swift */; };
		8D283D6526FD355F00CB10D0 /* AccountCell.swift in Sources */ = {isa = PBXBuildFile; fileRef = 8D283D6426FD355F00CB10D0 /* AccountCell.swift */; };
		8D283D6726FD357600CB10D0 /* AccountCellViewModel.swift in Sources */ = {isa = PBXBuildFile; fileRef = 8D283D6626FD357600CB10D0 /* AccountCellViewModel.swift */; };
		8D283D6926FD43FC00CB10D0 /* QRScannerViewController.swift in Sources */ = {isa = PBXBuildFile; fileRef = 8D283D6826FD43FC00CB10D0 /* QRScannerViewController.swift */; };
		8D2D7D4B26FD201400372CE2 /* AppDelegate.swift in Sources */ = {isa = PBXBuildFile; fileRef = 8D2D7D4A26FD201400372CE2 /* AppDelegate.swift */; };
		8D2D7D4D26FD201400372CE2 /* SceneDelegate.swift in Sources */ = {isa = PBXBuildFile; fileRef = 8D2D7D4C26FD201400372CE2 /* SceneDelegate.swift */; };
		8D2D7D4F26FD201400372CE2 /* ViewController.swift in Sources */ = {isa = PBXBuildFile; fileRef = 8D2D7D4E26FD201400372CE2 /* ViewController.swift */; };
		8D2D7D5226FD201400372CE2 /* Main.storyboard in Resources */ = {isa = PBXBuildFile; fileRef = 8D2D7D5026FD201400372CE2 /* Main.storyboard */; };
		8D2D7D5426FD201E00372CE2 /* Assets.xcassets in Resources */ = {isa = PBXBuildFile; fileRef = 8D2D7D5326FD201E00372CE2 /* Assets.xcassets */; };
		8D2D7D5726FD201E00372CE2 /* LaunchScreen.storyboard in Resources */ = {isa = PBXBuildFile; fileRef = 8D2D7D5526FD201E00372CE2 /* LaunchScreen.storyboard */; };
/* End PBXBuildFile section */

/* Begin PBXFileReference section */
		8D283D5826FD237900CB10D0 /* AccountsListController.swift */ = {isa = PBXFileReference; lastKnownFileType = sourcecode.swift; path = AccountsListController.swift; sourceTree = "<group>"; };
		8D283D5D26FD243500CB10D0 /* Account.swift */ = {isa = PBXFileReference; lastKnownFileType = sourcecode.swift; path = Account.swift; sourceTree = "<group>"; };
		8D283D5F26FD2C3400CB10D0 /* Observable.swift */ = {isa = PBXFileReference; lastKnownFileType = sourcecode.swift; path = Observable.swift; sourceTree = "<group>"; };
		8D283D6126FD30D700CB10D0 /* AccountsManager.swift */ = {isa = PBXFileReference; lastKnownFileType = sourcecode.swift; path = AccountsManager.swift; sourceTree = "<group>"; };
		8D283D6426FD355F00CB10D0 /* AccountCell.swift */ = {isa = PBXFileReference; lastKnownFileType = sourcecode.swift; path = AccountCell.swift; sourceTree = "<group>"; };
		8D283D6626FD357600CB10D0 /* AccountCellViewModel.swift */ = {isa = PBXFileReference; lastKnownFileType = sourcecode.swift; path = AccountCellViewModel.swift; sourceTree = "<group>"; };
		8D283D6826FD43FC00CB10D0 /* QRScannerViewController.swift */ = {isa = PBXFileReference; lastKnownFileType = sourcecode.swift; path = QRScannerViewController.swift; sourceTree = "<group>"; };
		8D2D7D4726FD201400372CE2 /* GoogleAuth.app */ = {isa = PBXFileReference; explicitFileType = wrapper.application; includeInIndex = 0; path = GoogleAuth.app; sourceTree = BUILT_PRODUCTS_DIR; };
		8D2D7D4A26FD201400372CE2 /* AppDelegate.swift */ = {isa = PBXFileReference; lastKnownFileType = sourcecode.swift; path = AppDelegate.swift; sourceTree = "<group>"; };
		8D2D7D4C26FD201400372CE2 /* SceneDelegate.swift */ = {isa = PBXFileReference; lastKnownFileType = sourcecode.swift; path = SceneDelegate.swift; sourceTree = "<group>"; };
		8D2D7D4E26FD201400372CE2 /* ViewController.swift */ = {isa = PBXFileReference; lastKnownFileType = sourcecode.swift; path = ViewController.swift; sourceTree = "<group>"; };
		8D2D7D5126FD201400372CE2 /* Base */ = {isa = PBXFileReference; lastKnownFileType = file.storyboard; name = Base; path = Base.lproj/Main.storyboard; sourceTree = "<group>"; };
		8D2D7D5326FD201E00372CE2 /* Assets.xcassets */ = {isa = PBXFileReference; lastKnownFileType = folder.assetcatalog; path = Assets.xcassets; sourceTree = "<group>"; };
		8D2D7D5626FD201E00372CE2 /* Base */ = {isa = PBXFileReference; lastKnownFileType = file.storyboard; name = Base; path = Base.lproj/LaunchScreen.storyboard; sourceTree = "<group>"; };
		8D2D7D5826FD201E00372CE2 /* Info.plist */ = {isa = PBXFileReference; lastKnownFileType = text.plist.xml; path = Info.plist; sourceTree = "<group>"; };
/* End PBXFileReference section */

/* Begin PBXFrameworksBuildPhase section */
		8D2D7D4426FD201400372CE2 /* Frameworks */ = {
			isa = PBXFrameworksBuildPhase;
			buildActionMask = 2147483647;
			files = (
			);
			runOnlyForDeploymentPostprocessing = 0;
		};
/* End PBXFrameworksBuildPhase section */

/* Begin PBXGroup section */
		8D283D5626FD233200CB10D0 /* ViewControllers */ = {
			isa = PBXGroup;
			children = (
				8D2D7D4E26FD201400372CE2 /* ViewController.swift */,
				8D283D5826FD237900CB10D0 /* AccountsListController.swift */,
				8D283D6826FD43FC00CB10D0 /* QRScannerViewController.swift */,
			);
			name = ViewControllers;
			sourceTree = "<group>";
		};
		8D283D5726FD234200CB10D0 /* Storyboards */ = {
			isa = PBXGroup;
			children = (
				8D2D7D5026FD201400372CE2 /* Main.storyboard */,
			);
			name = Storyboards;
			sourceTree = "<group>";
		};
		8D283D5A26FD23E200CB10D0 /* Views */ = {
			isa = PBXGroup;
			children = (
				8D283D6426FD355F00CB10D0 /* AccountCell.swift */,
			);
			name = Views;
			sourceTree = "<group>";
		};
		8D283D5B26FD240D00CB10D0 /* ViewModels */ = {
			isa = PBXGroup;
			children = (
				8D283D5F26FD2C3400CB10D0 /* Observable.swift */,
				8D283D6626FD357600CB10D0 /* AccountCellViewModel.swift */,
			);
			name = ViewModels;
			sourceTree = "<group>";
		};
		8D283D5C26FD241800CB10D0 /* Models */ = {
			isa = PBXGroup;
			children = (
				8D283D5D26FD243500CB10D0 /* Account.swift */,
			);
			name = Models;
			sourceTree = "<group>";
		};
		8D283D6326FD345D00CB10D0 /* Managers */ = {
			isa = PBXGroup;
			children = (
				8D283D6126FD30D700CB10D0 /* AccountsManager.swift */,
			);
			name = Managers;
			sourceTree = "<group>";
		};
		8D2D7D3E26FD201300372CE2 = {
			isa = PBXGroup;
			children = (
				8D2D7D4926FD201400372CE2 /* GoogleAuth */,
				8D2D7D4826FD201400372CE2 /* Products */,
			);
			sourceTree = "<group>";
		};
		8D2D7D4826FD201400372CE2 /* Products */ = {
			isa = PBXGroup;
			children = (
				8D2D7D4726FD201400372CE2 /* GoogleAuth.app */,
			);
			name = Products;
			sourceTree = "<group>";
		};
		8D2D7D4926FD201400372CE2 /* GoogleAuth */ = {
			isa = PBXGroup;
			children = (
				8D283D6326FD345D00CB10D0 /* Managers */,
				8D283D5C26FD241800CB10D0 /* Models */,
				8D283D5B26FD240D00CB10D0 /* ViewModels */,
				8D283D5A26FD23E200CB10D0 /* Views */,
				8D283D5726FD234200CB10D0 /* Storyboards */,
				8D283D5626FD233200CB10D0 /* ViewControllers */,
				8D2D7D5E26FD204300372CE2 /* Resources */,
			);
			path = GoogleAuth;
			sourceTree = "<group>";
		};
		8D2D7D5E26FD204300372CE2 /* Resources */ = {
			isa = PBXGroup;
			children = (
				8D2D7D4A26FD201400372CE2 /* AppDelegate.swift */,
				8D2D7D4C26FD201400372CE2 /* SceneDelegate.swift */,
				8D2D7D5326FD201E00372CE2 /* Assets.xcassets */,
				8D2D7D5526FD201E00372CE2 /* LaunchScreen.storyboard */,
				8D2D7D5826FD201E00372CE2 /* Info.plist */,
			);
			name = Resources;
			sourceTree = "<group>";
		};
/* End PBXGroup section */

/* Begin PBXNativeTarget section */
		8D2D7D4626FD201400372CE2 /* GoogleAuth */ = {
			isa = PBXNativeTarget;
			buildConfigurationList = 8D2D7D5B26FD201E00372CE2 /* Build configuration list for PBXNativeTarget "GoogleAuth" */;
			buildPhases = (
				8D2D7D4326FD201400372CE2 /* Sources */,
				8D2D7D4426FD201400372CE2 /* Frameworks */,
				8D2D7D4526FD201400372CE2 /* Resources */,
			);
			buildRules = (
			);
			dependencies = (
			);
			name = GoogleAuth;
			productName = GoogleAuth;
			productReference = 8D2D7D4726FD201400372CE2 /* GoogleAuth.app */;
			productType = "com.apple.product-type.application";
		};
/* End PBXNativeTarget section */

/* Begin PBXProject section */
		8D2D7D3F26FD201400372CE2 /* Project object */ = {
			isa = PBXProject;
			attributes = {
				LastSwiftUpdateCheck = 1250;
				LastUpgradeCheck = 1250;
				TargetAttributes = {
					8D2D7D4626FD201400372CE2 = {
						CreatedOnToolsVersion = 12.5.1;
					};
				};
			};
			buildConfigurationList = 8D2D7D4226FD201400372CE2 /* Build configuration list for PBXProject "GoogleAuth" */;
			compatibilityVersion = "Xcode 9.3";
			developmentRegion = en;
			hasScannedForEncodings = 0;
			knownRegions = (
				en,
				Base,
			);
			mainGroup = 8D2D7D3E26FD201300372CE2;
			productRefGroup = 8D2D7D4826FD201400372CE2 /* Products */;
			projectDirPath = "";
			projectRoot = "";
			targets = (
				8D2D7D4626FD201400372CE2 /* GoogleAuth */,
			);
		};
/* End PBXProject section */

/* Begin PBXResourcesBuildPhase section */
		8D2D7D4526FD201400372CE2 /* Resources */ = {
			isa = PBXResourcesBuildPhase;
			buildActionMask = 2147483647;
			files = (
				8D2D7D5726FD201E00372CE2 /* LaunchScreen.storyboard in Resources */,
				8D2D7D5426FD201E00372CE2 /* Assets.xcassets in Resources */,
				8D2D7D5226FD201400372CE2 /* Main.storyboard in Resources */,
			);
			runOnlyForDeploymentPostprocessing = 0;
		};
/* End PBXResourcesBuildPhase section */

/* Begin PBXSourcesBuildPhase section */
		8D2D7D4326FD201400372CE2 /* Sources */ = {
			isa = PBXSourcesBuildPhase;
			buildActionMask = 2147483647;
			files = (
				8D283D6926FD43FC00CB10D0 /* QRScannerViewController.swift in Sources */,
				8D283D5E26FD243500CB10D0 /* Account.swift in Sources */,
				8D283D6526FD355F00CB10D0 /* AccountCell.swift in Sources */,
				8D283D6026FD2C3400CB10D0 /* Observable.swift in Sources */,
				8D283D6726FD357600CB10D0 /* AccountCellViewModel.swift in Sources */,
				8D2D7D4F26FD201400372CE2 /* ViewController.swift in Sources */,
				8D2D7D4B26FD201400372CE2 /* AppDelegate.swift in Sources */,
				8D283D6226FD30D700CB10D0 /* AccountsManager.swift in Sources */,
				8D2D7D4D26FD201400372CE2 /* SceneDelegate.swift in Sources */,
				8D283D5926FD237900CB10D0 /* AccountsListController.swift in Sources */,
			);
			runOnlyForDeploymentPostprocessing = 0;
		};
/* End PBXSourcesBuildPhase section */

/* Begin PBXVariantGroup section */
		8D2D7D5026FD201400372CE2 /* Main.storyboard */ = {
			isa = PBXVariantGroup;
			children = (
				8D2D7D5126FD201400372CE2 /* Base */,
			);
			name = Main.storyboard;
			sourceTree = "<group>";
		};
		8D2D7D5526FD201E00372CE2 /* LaunchScreen.storyboard */ = {
			isa = PBXVariantGroup;
			children = (
				8D2D7D5626FD201E00372CE2 /* Base */,
			);
			name = LaunchScreen.storyboard;
			sourceTree = "<group>";
		};
/* End PBXVariantGroup section */

/* Begin XCBuildConfiguration section */
		8D2D7D5926FD201E00372CE2 /* Debug */ = {
			isa = XCBuildConfiguration;
			buildSettings = {
				ALWAYS_SEARCH_USER_PATHS = NO;
				CLANG_ANALYZER_NONNULL = YES;
				CLANG_ANALYZER_NUMBER_OBJECT_CONVERSION = YES_AGGRESSIVE;
				CLANG_CXX_LANGUAGE_STANDARD = "gnu++14";
				CLANG_CXX_LIBRARY = "libc++";
				CLANG_ENABLE_MODULES = YES;
				CLANG_ENABLE_OBJC_ARC = YES;
				CLANG_ENABLE_OBJC_WEAK = YES;
				CLANG_WARN_BLOCK_CAPTURE_AUTORELEASING = YES;
				CLANG_WARN_BOOL_CONVERSION = YES;
				CLANG_WARN_COMMA = YES;
				CLANG_WARN_CONSTANT_CONVERSION = YES;
				CLANG_WARN_DEPRECATED_OBJC_IMPLEMENTATIONS = YES;
				CLANG_WARN_DIRECT_OBJC_ISA_USAGE = YES_ERROR;
				CLANG_WARN_DOCUMENTATION_COMMENTS = YES;
				CLANG_WARN_EMPTY_BODY = YES;
				CLANG_WARN_ENUM_CONVERSION = YES;
				CLANG_WARN_INFINITE_RECURSION = YES;
				CLANG_WARN_INT_CONVERSION = YES;
				CLANG_WARN_NON_LITERAL_NULL_CONVERSION = YES;
				CLANG_WARN_OBJC_IMPLICIT_RETAIN_SELF = YES;
				CLANG_WARN_OBJC_LITERAL_CONVERSION = YES;
				CLANG_WARN_OBJC_ROOT_CLASS = YES_ERROR;
				CLANG_WARN_QUOTED_INCLUDE_IN_FRAMEWORK_HEADER = YES;
				CLANG_WARN_RANGE_LOOP_ANALYSIS = YES;
				CLANG_WARN_STRICT_PROTOTYPES = YES;
				CLANG_WARN_SUSPICIOUS_MOVE = YES;
				CLANG_WARN_UNGUARDED_AVAILABILITY = YES_AGGRESSIVE;
				CLANG_WARN_UNREACHABLE_CODE = YES;
				CLANG_WARN__DUPLICATE_METHOD_MATCH = YES;
				COPY_PHASE_STRIP = NO;
				DEBUG_INFORMATION_FORMAT = dwarf;
				ENABLE_STRICT_OBJC_MSGSEND = YES;
				ENABLE_TESTABILITY = YES;
				GCC_C_LANGUAGE_STANDARD = gnu11;
				GCC_DYNAMIC_NO_PIC = NO;
				GCC_NO_COMMON_BLOCKS = YES;
				GCC_OPTIMIZATION_LEVEL = 0;
				GCC_PREPROCESSOR_DEFINITIONS = (
					"DEBUG=1",
					"$(inherited)",
				);
				GCC_WARN_64_TO_32_BIT_CONVERSION = YES;
				GCC_WARN_ABOUT_RETURN_TYPE = YES_ERROR;
				GCC_WARN_UNDECLARED_SELECTOR = YES;
				GCC_WARN_UNINITIALIZED_AUTOS = YES_AGGRESSIVE;
				GCC_WARN_UNUSED_FUNCTION = YES;
				GCC_WARN_UNUSED_VARIABLE = YES;
				IPHONEOS_DEPLOYMENT_TARGET = 14.5;
				MTL_ENABLE_DEBUG_INFO = INCLUDE_SOURCE;
				MTL_FAST_MATH = YES;
				ONLY_ACTIVE_ARCH = YES;
				SDKROOT = iphoneos;
				SWIFT_ACTIVE_COMPILATION_CONDITIONS = DEBUG;
				SWIFT_OPTIMIZATION_LEVEL = "-Onone";
			};
			name = Debug;
		};
		8D2D7D5A26FD201E00372CE2 /* Release */ = {
			isa = XCBuildConfiguration;
			buildSettings = {
				ALWAYS_SEARCH_USER_PATHS = NO;
				CLANG_ANALYZER_NONNULL = YES;
				CLANG_ANALYZER_NUMBER_OBJECT_CONVERSION = YES_AGGRESSIVE;
				CLANG_CXX_LANGUAGE_STANDARD = "gnu++14";
				CLANG_CXX_LIBRARY = "libc++";
				CLANG_ENABLE_MODULES = YES;
				CLANG_ENABLE_OBJC_ARC = YES;
				CLANG_ENABLE_OBJC_WEAK = YES;
				CLANG_WARN_BLOCK_CAPTURE_AUTORELEASING = YES;
				CLANG_WARN_BOOL_CONVERSION = YES;
				CLANG_WARN_COMMA = YES;
				CLANG_WARN_CONSTANT_CONVERSION = YES;
				CLANG_WARN_DEPRECATED_OBJC_IMPLEMENTATIONS = YES;
				CLANG_WARN_DIRECT_OBJC_ISA_USAGE = YES_ERROR;
				CLANG_WARN_DOCUMENTATION_COMMENTS = YES;
				CLANG_WARN_EMPTY_BODY = YES;
				CLANG_WARN_ENUM_CONVERSION = YES;
				CLANG_WARN_INFINITE_RECURSION = YES;
				CLANG_WARN_INT_CONVERSION = YES;
				CLANG_WARN_NON_LITERAL_NULL_CONVERSION = YES;
				CLANG_WARN_OBJC_IMPLICIT_RETAIN_SELF = YES;
				CLANG_WARN_OBJC_LITERAL_CONVERSION = YES;
				CLANG_WARN_OBJC_ROOT_CLASS = YES_ERROR;
				CLANG_WARN_QUOTED_INCLUDE_IN_FRAMEWORK_HEADER = YES;
				CLANG_WARN_RANGE_LOOP_ANALYSIS = YES;
				CLANG_WARN_STRICT_PROTOTYPES = YES;
				CLANG_WARN_SUSPICIOUS_MOVE = YES;
				CLANG_WARN_UNGUARDED_AVAILABILITY = YES_AGGRESSIVE;
				CLANG_WARN_UNREACHABLE_CODE = YES;
				CLANG_WARN__DUPLICATE_METHOD_MATCH = YES;
				COPY_PHASE_STRIP = NO;
				DEBUG_INFORMATION_FORMAT = "dwarf-with-dsym";
				ENABLE_NS_ASSERTIONS = NO;
				ENABLE_STRICT_OBJC_MSGSEND = YES;
				GCC_C_LANGUAGE_STANDARD = gnu11;
				GCC_NO_COMMON_BLOCKS = YES;
				GCC_WARN_64_TO_32_BIT_CONVERSION = YES;
				GCC_WARN_ABOUT_RETURN_TYPE = YES_ERROR;
				GCC_WARN_UNDECLARED_SELECTOR = YES;
				GCC_WARN_UNINITIALIZED_AUTOS = YES_AGGRESSIVE;
				GCC_WARN_UNUSED_FUNCTION = YES;
				GCC_WARN_UNUSED_VARIABLE = YES;
				IPHONEOS_DEPLOYMENT_TARGET = 14.5;
				MTL_ENABLE_DEBUG_INFO = NO;
				MTL_FAST_MATH = YES;
				SDKROOT = iphoneos;
				SWIFT_COMPILATION_MODE = wholemodule;
				SWIFT_OPTIMIZATION_LEVEL = "-O";
				VALIDATE_PRODUCT = YES;
			};
			name = Release;
		};
		8D2D7D5C26FD201E00372CE2 /* Debug */ = {
			isa = XCBuildConfiguration;
			buildSettings = {
				ASSETCATALOG_COMPILER_APPICON_NAME = AppIcon;
				ASSETCATALOG_COMPILER_GLOBAL_ACCENT_COLOR_NAME = AccentColor;
				CODE_SIGN_STYLE = Automatic;
				DEVELOPMENT_TEAM = 826VQ4NPS4;
				INFOPLIST_FILE = GoogleAuth/Info.plist;
				LD_RUNPATH_SEARCH_PATHS = (
					"$(inherited)",
					"@executable_path/Frameworks",
				);
				PRODUCT_BUNDLE_IDENTIFIER = com.turkaev.usman.GoogleAuth;
				PRODUCT_NAME = "$(TARGET_NAME)";
				SWIFT_VERSION = 5.0;
				TARGETED_DEVICE_FAMILY = "1,2";
			};
			name = Debug;
		};
		8D2D7D5D26FD201E00372CE2 /* Release */ = {
			isa = XCBuildConfiguration;
			buildSettings = {
				ASSETCATALOG_COMPILER_APPICON_NAME = AppIcon;
				ASSETCATALOG_COMPILER_GLOBAL_ACCENT_COLOR_NAME = AccentColor;
				CODE_SIGN_STYLE = Automatic;
				DEVELOPMENT_TEAM = 826VQ4NPS4;
				INFOPLIST_FILE = GoogleAuth/Info.plist;
				LD_RUNPATH_SEARCH_PATHS = (
					"$(inherited)",
					"@executable_path/Frameworks",
				);
				PRODUCT_BUNDLE_IDENTIFIER = com.turkaev.usman.GoogleAuth;
				PRODUCT_NAME = "$(TARGET_NAME)";
				SWIFT_VERSION = 5.0;
				TARGETED_DEVICE_FAMILY = "1,2";
			};
			name = Release;
		};
/* End XCBuildConfiguration section */

/* Begin XCConfigurationList section */
		8D2D7D4226FD201400372CE2 /* Build configuration list for PBXProject "GoogleAuth" */ = {
			isa = XCConfigurationList;
			buildConfigurations = (
				8D2D7D5926FD201E00372CE2 /* Debug */,
				8D2D7D5A26FD201E00372CE2 /* Release */,
			);
			defaultConfigurationIsVisible = 0;
			defaultConfigurationName = Release;
		};
		8D2D7D5B26FD201E00372CE2 /* Build configuration list for PBXNativeTarget "GoogleAuth" */ = {
			isa = XCConfigurationList;
			buildConfigurations = (
				8D2D7D5C26FD201E00372CE2 /* Debug */,
				8D2D7D5D26FD201E00372CE2 /* Release */,
			);
			defaultConfigurationIsVisible = 0;
			defaultConfigurationName = Release;
		};
/* End XCConfigurationList section */
	};
	rootObject = 8D2D7D3F26FD201400372CE2 /* Project object */;
}
